{
  "name": "NewProject",
  "lockfileVersion": 3,
  "requires": true,
  "packages": {
    "": {
      "name": "NewProject",
      "dependencies": {
        "cclt": "git+https://github.com/BangJinM/creator_common_lib.git"
      }
    },
    "node_modules/cclt": {
      "name": "creator_common_lib",
      "version": "1.0.0",
      "resolved": "git+ssh://git@github.com/BangJinM/creator_common_lib.git#26388e6d6ac36d1a05eba04d6effde3f73e0e17c"
    }
  }
}
